{
  "name": "moleculardynamics",
  "version": "1.0.0",
  "lockfileVersion": 1,
  "requires": true,
  "dependencies": {
    "array-range": {
      "version": "1.0.1",
      "resolved": "https://registry.npmjs.org/array-range/-/array-range-1.0.1.tgz",
      "integrity": "sha1-9W5GWRhDYRxqVvd+8C7afFAIm/w="
    },
    "faker": {
      "version": "4.1.0",
      "resolved": "https://registry.npmjs.org/faker/-/faker-4.1.0.tgz",
      "integrity": "sha1-HkW7vsxndLPBlfrSg1EJxtdIzD8="
    },
    "sequency": {
      "version": "0.19.2",
      "resolved": "https://registry.npmjs.org/sequency/-/sequency-0.19.2.tgz",
      "integrity": "sha512-iP0psxGsDgMTgyA6wfqVJqYsFp1eDO/WFh9ylJa2sWq/TuUxLrwPrpYN2+hgmIpFLFu1agnUu9t/vRzck1YWrw=="
    }
  }
}
